
Microsoft Visual Studio Solution File, Format Version 12.00
# Visual Studio Version 17
VisualStudioVersion = 17.4.33213.308
MinimumVisualStudioVersion = 10.0.40219.1
Project("{FAE04EC0-301F-11D3-BF4B-00C04F79EFBC}") = "Simkit", "Simkit\Simkit.csproj", "{1F6EC025-E6B0-4642-B396-0285D841051A}"
EndProject
Project("{FAE04EC0-301F-11D3-BF4B-00C04F79EFBC}") = "Tests", "Tests\Tests.csproj", "{30FE64D4-CFF4-43F0-9037-9F8E7E180E6B}"
EndProject
Global
	GlobalSection(SolutionConfigurationPlatforms) = preSolution
		Debug|Any CPU = Debug|Any CPU
		Release|Any CPU = Release|Any CPU
	EndGlobalSection
	GlobalSection(ProjectConfigurationPlatforms) = postSolution
		{1F6EC025-E6B0-4642-B396-0285D841051A}.Debug|Any CPU.ActiveCfg = Debug|Any CPU
		{1F6EC025-E6B0-4642-B396-0285D841051A}.Debug|Any CPU.Build.0 = Debug|Any CPU
		{1F6EC025-E6B0-4642-B396-0285D841051A}.Release|Any CPU.ActiveCfg = Release|Any CPU
		{1F6EC025-E6B0-4642-B396-0285D841051A}.Release|Any CPU.Build.0 = Release|Any CPU
		{30FE64D4-CFF4-43F0-9037-9F8E7E180E6B}.Debug|Any CPU.ActiveCfg = Debug|Any CPU
		{30FE64D4-CFF4-43F0-9037-9F8E7E180E6B}.Debug|Any CPU.Build.0 = Debug|Any CPU
		{30FE64D4-CFF4-43F0-9037-9F8E7E180E6B}.Release|Any CPU.ActiveCfg = Release|Any CPU
		{30FE64D4-CFF4-43F0-9037-9F8E7E180E6B}.Release|Any CPU.Build.0 = Release|Any CPU
	EndGlobalSection
	GlobalSection(SolutionProperties) = preSolution
		HideSolutionNode = FALSE
	EndGlobalSection
	GlobalSection(ExtensibilityGlobals) = postSolution
		SolutionGuid = {3F80F0ED-ADAB-4783-87B3-C943A4A37E2B}
	EndGlobalSection
EndGlobal
